
Microsoft Visual Studio Solution File, Format Version 12.00
# Visual Studio 15
VisualStudioVersion = 15.0.28307.329
MinimumVisualStudioVersion = 10.0.40219.1
Project("{9A19103F-16F7-4668-BE54-9A1E7A4F7556}") = "TheGallery", "TheGallery\TheGallery.csproj", "{F51A2015-F9C1-4823-8ED4-5EE4AFA08CB3}"
EndProject
Global
	GlobalSection(SolutionConfigurationPlatforms) = preSolution
		Debug|Any CPU = Debug|Any CPU
		Release|Any CPU = Release|Any CPU
	EndGlobalSection
	GlobalSection(ProjectConfigurationPlatforms) = postSolution
		{F51A2015-F9C1-4823-8ED4-5EE4AFA08CB3}.Debug|Any CPU.ActiveCfg = Debug|Any CPU
		{F51A2015-F9C1-4823-8ED4-5EE4AFA08CB3}.Debug|Any CPU.Build.0 = Debug|Any CPU
		{F51A2015-F9C1-4823-8ED4-5EE4AFA08CB3}.Release|Any CPU.ActiveCfg = Release|Any CPU
		{F51A2015-F9C1-4823-8ED4-5EE4AFA08CB3}.Release|Any CPU.Build.0 = Release|Any CPU
	EndGlobalSection
	GlobalSection(SolutionProperties) = preSolution
		HideSolutionNode = FALSE
	EndGlobalSection
	GlobalSection(ExtensibilityGlobals) = postSolution
		SolutionGuid = {38E04644-8A31-4EDF-8553-886114C19DF4}
	EndGlobalSection
EndGlobal
